
Microsoft Visual Studio Solution File, Format Version 12.00
# Visual Studio Version 17
VisualStudioVersion = 17.2.32630.192
MinimumVisualStudioVersion = 10.0.40219.1
Project("{F184B08F-C81C-45F6-A57F-5ABD9991F28F}") = "Exercise 3.1-3m", "Exercise 3.1-3m\Exercise 3.1-3m.vbproj", "{881B672F-69DC-4B51-A2D7-2741A4859D4F}"
EndProject
Global
	GlobalSection(SolutionConfigurationPlatforms) = preSolution
		Debug|Any CPU = Debug|Any CPU
		Release|Any CPU = Release|Any CPU
	EndGlobalSection
	GlobalSection(ProjectConfigurationPlatforms) = postSolution
		{881B672F-69DC-4B51-A2D7-2741A4859D4F}.Debug|Any CPU.ActiveCfg = Debug|Any CPU
		{881B672F-69DC-4B51-A2D7-2741A4859D4F}.Debug|Any CPU.Build.0 = Debug|Any CPU
		{881B672F-69DC-4B51-A2D7-2741A4859D4F}.Release|Any CPU.ActiveCfg = Release|Any CPU
		{881B672F-69DC-4B51-A2D7-2741A4859D4F}.Release|Any CPU.Build.0 = Release|Any CPU
	EndGlobalSection
	GlobalSection(SolutionProperties) = preSolution
		HideSolutionNode = FALSE
	EndGlobalSection
	GlobalSection(ExtensibilityGlobals) = postSolution
		SolutionGuid = {4FC4785D-8B07-4D66-B9A8-CC17E9C255D7}
	EndGlobalSection
EndGlobal
