
Microsoft Visual Studio Solution File, Format Version 12.00
# Visual Studio Version 17
VisualStudioVersion = 17.2.32630.192
MinimumVisualStudioVersion = 10.0.40219.1
Project("{F184B08F-C81C-45F6-A57F-5ABD9991F28F}") = "Example 3.1-1c", "Example 3.1-1c\Example 3.1-1c.vbproj", "{AA7633EA-5296-4F59-A32A-AB523D2D5E43}"
EndProject
Global
	GlobalSection(SolutionConfigurationPlatforms) = preSolution
		Debug|Any CPU = Debug|Any CPU
		Release|Any CPU = Release|Any CPU
	EndGlobalSection
	GlobalSection(ProjectConfigurationPlatforms) = postSolution
		{AA7633EA-5296-4F59-A32A-AB523D2D5E43}.Debug|Any CPU.ActiveCfg = Debug|Any CPU
		{AA7633EA-5296-4F59-A32A-AB523D2D5E43}.Debug|Any CPU.Build.0 = Debug|Any CPU
		{AA7633EA-5296-4F59-A32A-AB523D2D5E43}.Release|Any CPU.ActiveCfg = Release|Any CPU
		{AA7633EA-5296-4F59-A32A-AB523D2D5E43}.Release|Any CPU.Build.0 = Release|Any CPU
	EndGlobalSection
	GlobalSection(SolutionProperties) = preSolution
		HideSolutionNode = FALSE
	EndGlobalSection
	GlobalSection(ExtensibilityGlobals) = postSolution
		SolutionGuid = {71433DD9-FDCC-492C-A80E-5A46A0C097DB}
	EndGlobalSection
EndGlobal
