
Microsoft Visual Studio Solution File, Format Version 12.00
# Visual Studio Version 17
VisualStudioVersion = 17.2.32630.192
MinimumVisualStudioVersion = 10.0.40219.1
Project("{F184B08F-C81C-45F6-A57F-5ABD9991F28F}") = "Excercise 3.1-2g", "Excercise 3.1-2g\Excercise 3.1-2g.vbproj", "{467DFB26-669D-4592-A5A3-17ED7E331CBA}"
EndProject
Global
	GlobalSection(SolutionConfigurationPlatforms) = preSolution
		Debug|Any CPU = Debug|Any CPU
		Release|Any CPU = Release|Any CPU
	EndGlobalSection
	GlobalSection(ProjectConfigurationPlatforms) = postSolution
		{467DFB26-669D-4592-A5A3-17ED7E331CBA}.Debug|Any CPU.ActiveCfg = Debug|Any CPU
		{467DFB26-669D-4592-A5A3-17ED7E331CBA}.Debug|Any CPU.Build.0 = Debug|Any CPU
		{467DFB26-669D-4592-A5A3-17ED7E331CBA}.Release|Any CPU.ActiveCfg = Release|Any CPU
		{467DFB26-669D-4592-A5A3-17ED7E331CBA}.Release|Any CPU.Build.0 = Release|Any CPU
	EndGlobalSection
	GlobalSection(SolutionProperties) = preSolution
		HideSolutionNode = FALSE
	EndGlobalSection
	GlobalSection(ExtensibilityGlobals) = postSolution
		SolutionGuid = {6BC68F60-E156-4008-9181-BDC2CF7988B7}
	EndGlobalSection
EndGlobal
