
Microsoft Visual Studio Solution File, Format Version 12.00
# Visual Studio Version 17
VisualStudioVersion = 17.2.32630.192
MinimumVisualStudioVersion = 10.0.40219.1
Project("{F184B08F-C81C-45F6-A57F-5ABD9991F28F}") = "Exercise 3.1-3i", "Exercise 3.1-3i\Exercise 3.1-3i.vbproj", "{25C1A0FF-8797-498E-BFCE-6DD8838B57A9}"
EndProject
Global
	GlobalSection(SolutionConfigurationPlatforms) = preSolution
		Debug|Any CPU = Debug|Any CPU
		Release|Any CPU = Release|Any CPU
	EndGlobalSection
	GlobalSection(ProjectConfigurationPlatforms) = postSolution
		{25C1A0FF-8797-498E-BFCE-6DD8838B57A9}.Debug|Any CPU.ActiveCfg = Debug|Any CPU
		{25C1A0FF-8797-498E-BFCE-6DD8838B57A9}.Debug|Any CPU.Build.0 = Debug|Any CPU
		{25C1A0FF-8797-498E-BFCE-6DD8838B57A9}.Release|Any CPU.ActiveCfg = Release|Any CPU
		{25C1A0FF-8797-498E-BFCE-6DD8838B57A9}.Release|Any CPU.Build.0 = Release|Any CPU
	EndGlobalSection
	GlobalSection(SolutionProperties) = preSolution
		HideSolutionNode = FALSE
	EndGlobalSection
	GlobalSection(ExtensibilityGlobals) = postSolution
		SolutionGuid = {AAD9E3D3-ABA5-4E9C-A2C6-B836AF9357BD}
	EndGlobalSection
EndGlobal
