
Microsoft Visual Studio Solution File, Format Version 12.00
# Visual Studio Version 17
VisualStudioVersion = 17.2.32630.192
MinimumVisualStudioVersion = 10.0.40219.1
Project("{F184B08F-C81C-45F6-A57F-5ABD9991F28F}") = "Excercise 3.1-3k", "Excercise 3.1-3k\Excercise 3.1-3k.vbproj", "{7C21379F-029A-409B-AB1C-7DFB4545896E}"
EndProject
Global
	GlobalSection(SolutionConfigurationPlatforms) = preSolution
		Debug|Any CPU = Debug|Any CPU
		Release|Any CPU = Release|Any CPU
	EndGlobalSection
	GlobalSection(ProjectConfigurationPlatforms) = postSolution
		{7C21379F-029A-409B-AB1C-7DFB4545896E}.Debug|Any CPU.ActiveCfg = Debug|Any CPU
		{7C21379F-029A-409B-AB1C-7DFB4545896E}.Debug|Any CPU.Build.0 = Debug|Any CPU
		{7C21379F-029A-409B-AB1C-7DFB4545896E}.Release|Any CPU.ActiveCfg = Release|Any CPU
		{7C21379F-029A-409B-AB1C-7DFB4545896E}.Release|Any CPU.Build.0 = Release|Any CPU
	EndGlobalSection
	GlobalSection(SolutionProperties) = preSolution
		HideSolutionNode = FALSE
	EndGlobalSection
	GlobalSection(ExtensibilityGlobals) = postSolution
		SolutionGuid = {73B1D13A-F335-4A85-9CD3-F562C03CE6D2}
	EndGlobalSection
EndGlobal
